
Microsoft Visual Studio Solution File, Format Version 12.00
# Visual Studio Version 17
VisualStudioVersion = 17.14.36915.13 d17.14
MinimumVisualStudioVersion = 10.0.40219.1
Project("{FAE04EC0-301F-11D3-BF4B-00C04F79EFBC}") = "WEBCOMIC(FINALPROJECT)", "WEBCOMIC(FINALPROJECT).csproj", "{5A5185A0-E269-41A9-B2F5-02BD5C0BB5FD}"
EndProject
Global
	GlobalSection(SolutionConfigurationPlatforms) = preSolution
		Debug|Any CPU = Debug|Any CPU
		Release|Any CPU = Release|Any CPU
	EndGlobalSection
	GlobalSection(ProjectConfigurationPlatforms) = postSolution
		{5A5185A0-E269-41A9-B2F5-02BD5C0BB5FD}.Debug|Any CPU.ActiveCfg = Debug|Any CPU
		{5A5185A0-E269-41A9-B2F5-02BD5C0BB5FD}.Debug|Any CPU.Build.0 = Debug|Any CPU
		{5A5185A0-E269-41A9-B2F5-02BD5C0BB5FD}.Release|Any CPU.ActiveCfg = Release|Any CPU
		{5A5185A0-E269-41A9-B2F5-02BD5C0BB5FD}.Release|Any CPU.Build.0 = Release|Any CPU
	EndGlobalSection
	GlobalSection(SolutionProperties) = preSolution
		HideSolutionNode = FALSE
	EndGlobalSection
	GlobalSection(ExtensibilityGlobals) = postSolution
		SolutionGuid = {05CDE001-475A-41ED-90DB-9CA6753D1A4B}
	EndGlobalSection
EndGlobal
